
Microsoft Visual Studio Solution File, Format Version 12.00
# Visual Studio Version 17
VisualStudioVersion = 17.13.36105.23 d17.13
MinimumVisualStudioVersion = 10.0.40219.1
Project("{FAE04EC0-301F-11D3-BF4B-00C04F79EFBC}") = "DotNetGuide.Web", "DotNetGuide.Web\DotNetGuide.Web.csproj", "{C0CDC446-325B-467A-B7F1-342E19347B8E}"
	ProjectSection(ProjectDependencies) = postProject
		{2B4F0EC4-67EA-4CB3-91B6-494B0627CCCA} = {2B4F0EC4-67EA-4CB3-91B6-494B0627CCCA}
		{97412C27-1BA8-4715-ACE9-580A7E320777} = {97412C27-1BA8-4715-ACE9-580A7E320777}
	EndProjectSection
EndProject
Project("{FAE04EC0-301F-11D3-BF4B-00C04F79EFBC}") = "DotNetGuide.Application", "DotNetGuide.Application\DotNetGuide.Application.csproj", "{2B4F0EC4-67EA-4CB3-91B6-494B0627CCCA}"
	ProjectSection(ProjectDependencies) = postProject
		{BE6250FE-46C9-4CE6-AFDD-AF8F580E4B74} = {BE6250FE-46C9-4CE6-AFDD-AF8F580E4B74}
	EndProjectSection
EndProject
Project("{FAE04EC0-301F-11D3-BF4B-00C04F79EFBC}") = "DotNetGuide.Domain", "DotNetGuide.Domain\DotNetGuide.Domain.csproj", "{BE6250FE-46C9-4CE6-AFDD-AF8F580E4B74}"
EndProject
Project("{FAE04EC0-301F-11D3-BF4B-00C04F79EFBC}") = "DotNetGuide.Infrastructure", "DotNetGuide.Infrastructure\DotNetGuide.Infrastructure.csproj", "{97412C27-1BA8-4715-ACE9-580A7E320777}"
	ProjectSection(ProjectDependencies) = postProject
		{2B4F0EC4-67EA-4CB3-91B6-494B0627CCCA} = {2B4F0EC4-67EA-4CB3-91B6-494B0627CCCA}
	EndProjectSection
EndProject
Global
	GlobalSection(SolutionConfigurationPlatforms) = preSolution
		Debug|Any CPU = Debug|Any CPU
		Release|Any CPU = Release|Any CPU
	EndGlobalSection
	GlobalSection(ProjectConfigurationPlatforms) = postSolution
		{C0CDC446-325B-467A-B7F1-342E19347B8E}.Debug|Any CPU.ActiveCfg = Debug|Any CPU
		{C0CDC446-325B-467A-B7F1-342E19347B8E}.Debug|Any CPU.Build.0 = Debug|Any CPU
		{C0CDC446-325B-467A-B7F1-342E19347B8E}.Release|Any CPU.ActiveCfg = Release|Any CPU
		{C0CDC446-325B-467A-B7F1-342E19347B8E}.Release|Any CPU.Build.0 = Release|Any CPU
		{2B4F0EC4-67EA-4CB3-91B6-494B0627CCCA}.Debug|Any CPU.ActiveCfg = Debug|Any CPU
		{2B4F0EC4-67EA-4CB3-91B6-494B0627CCCA}.Debug|Any CPU.Build.0 = Debug|Any CPU
		{2B4F0EC4-67EA-4CB3-91B6-494B0627CCCA}.Release|Any CPU.ActiveCfg = Release|Any CPU
		{2B4F0EC4-67EA-4CB3-91B6-494B0627CCCA}.Release|Any CPU.Build.0 = Release|Any CPU
		{BE6250FE-46C9-4CE6-AFDD-AF8F580E4B74}.Debug|Any CPU.ActiveCfg = Debug|Any CPU
		{BE6250FE-46C9-4CE6-AFDD-AF8F580E4B74}.Debug|Any CPU.Build.0 = Debug|Any CPU
		{BE6250FE-46C9-4CE6-AFDD-AF8F580E4B74}.Release|Any CPU.ActiveCfg = Release|Any CPU
		{BE6250FE-46C9-4CE6-AFDD-AF8F580E4B74}.Release|Any CPU.Build.0 = Release|Any CPU
		{97412C27-1BA8-4715-ACE9-580A7E320777}.Debug|Any CPU.ActiveCfg = Debug|Any CPU
		{97412C27-1BA8-4715-ACE9-580A7E320777}.Debug|Any CPU.Build.0 = Debug|Any CPU
		{97412C27-1BA8-4715-ACE9-580A7E320777}.Release|Any CPU.ActiveCfg = Release|Any CPU
		{97412C27-1BA8-4715-ACE9-580A7E320777}.Release|Any CPU.Build.0 = Release|Any CPU
	EndGlobalSection
	GlobalSection(SolutionProperties) = preSolution
		HideSolutionNode = FALSE
	EndGlobalSection
	GlobalSection(ExtensibilityGlobals) = postSolution
		SolutionGuid = {DB948A87-FFD3-45F3-A623-2A022DC83165}
	EndGlobalSection
EndGlobal
